
Microsoft Visual Studio Solution File, Format Version 12.00
# Visual Studio Version 16
VisualStudioVersion = 16.0.30804.86
MinimumVisualStudioVersion = 10.0.40219.1
Project("{FAE04EC0-301F-11D3-BF4B-00C04F79EFBC}") = "Werehouse", "Werehouse\Werehouse.csproj", "{5735322D-380A-4E5F-8A9B-31C490844D4C}"
EndProject
Global
	GlobalSection(SolutionConfigurationPlatforms) = preSolution
		Debug|Any CPU = Debug|Any CPU
		Release|Any CPU = Release|Any CPU
	EndGlobalSection
	GlobalSection(ProjectConfigurationPlatforms) = postSolution
		{5735322D-380A-4E5F-8A9B-31C490844D4C}.Debug|Any CPU.ActiveCfg = Debug|Any CPU
		{5735322D-380A-4E5F-8A9B-31C490844D4C}.Debug|Any CPU.Build.0 = Debug|Any CPU
		{5735322D-380A-4E5F-8A9B-31C490844D4C}.Release|Any CPU.ActiveCfg = Release|Any CPU
		{5735322D-380A-4E5F-8A9B-31C490844D4C}.Release|Any CPU.Build.0 = Release|Any CPU
	EndGlobalSection
	GlobalSection(SolutionProperties) = preSolution
		HideSolutionNode = FALSE
	EndGlobalSection
	GlobalSection(ExtensibilityGlobals) = postSolution
		SolutionGuid = {B9973136-27FF-4DF7-86B8-9740D5588FA6}
	EndGlobalSection
EndGlobal
